// !$*UTF8*$!
{
	archiveVersion = 1;
	classes = {
	};
	objectVersion = 55;
	objects = {

/* Begin PBXBuildFile section */
		D748D05F2C30996B0067809A /* GoogleService-Info.plist in Resources */ = {isa = PBXBuildFile; fileRef = D748D05E2C30996B0067809A /* GoogleService-Info.plist */; };
		D748D0622C309B060067809A /* FirebaseAnalytics in Frameworks */ = {isa = PBXBuildFile; productRef = D748D0612C309B060067809A /* FirebaseAnalytics */; };
		D748D0642C309B060067809A /* FirebaseAnalyticsOnDeviceConversion in Frameworks */ = {isa = PBXBuildFile; productRef = D748D0632C309B060067809A /* FirebaseAnalyticsOnDeviceConversion */; };
		D748D0662C309B060067809A /* FirebaseAnalyticsSwift in Frameworks */ = {isa = PBXBuildFile; productRef = D748D0652C309B060067809A /* FirebaseAnalyticsSwift */; };
		D748D0682C309B060067809A /* FirebaseAnalyticsWithoutAdIdSupport in Frameworks */ = {isa = PBXBuildFile; productRef = D748D0672C309B060067809A /* FirebaseAnalyticsWithoutAdIdSupport */; };
		D748D06A2C309B060067809A /* FirebaseAppCheck in Frameworks */ = {isa = PBXBuildFile; productRef = D748D0692C309B060067809A /* FirebaseAppCheck */; };
		D748D06C2C309B060067809A /* FirebaseAppDistribution-Beta in Frameworks */ = {isa = PBXBuildFile; productRef = D748D06B2C309B060067809A /* FirebaseAppDistribution-Beta */; };
		D748D06E2C309B060067809A /* FirebaseAuth in Frameworks */ = {isa = PBXBuildFile; productRef = D748D06D2C309B060067809A /* FirebaseAuth */; };
		D748D0702C309B060067809A /* FirebaseAuthCombine-Community in Frameworks */ = {isa = PBXBuildFile; productRef = D748D06F2C309B060067809A /* FirebaseAuthCombine-Community */; };
		D748D0722C309B060067809A /* FirebaseCrashlytics in Frameworks */ = {isa = PBXBuildFile; productRef = D748D0712C309B060067809A /* FirebaseCrashlytics */; };
		D748D0742C309B060067809A /* FirebaseDatabase in Frameworks */ = {isa = PBXBuildFile; productRef = D748D0732C309B060067809A /* FirebaseDatabase */; };
		D748D0762C309B060067809A /* FirebaseDatabaseSwift in Frameworks */ = {isa = PBXBuildFile; productRef = D748D0752C309B060067809A /* FirebaseDatabaseSwift */; };
		D748D0782C309B060067809A /* FirebaseDynamicLinks in Frameworks */ = {isa = PBXBuildFile; productRef = D748D0772C309B060067809A /* FirebaseDynamicLinks */; };
		D748D07A2C309B060067809A /* FirebaseFirestore in Frameworks */ = {isa = PBXBuildFile; productRef = D748D0792C309B060067809A /* FirebaseFirestore */; };
		D748D07C2C309B060067809A /* FirebaseFirestoreCombine-Community in Frameworks */ = {isa = PBXBuildFile; productRef = D748D07B2C309B060067809A /* FirebaseFirestoreCombine-Community */; };
		D748D07E2C309B060067809A /* FirebaseFirestoreSwift in Frameworks */ = {isa = PBXBuildFile; productRef = D748D07D2C309B060067809A /* FirebaseFirestoreSwift */; };
		D748D0802C309B060067809A /* FirebaseFunctions in Frameworks */ = {isa = PBXBuildFile; productRef = D748D07F2C309B060067809A /* FirebaseFunctions */; };
		D748D0822C309B060067809A /* FirebaseFunctionsCombine-Community in Frameworks */ = {isa = PBXBuildFile; productRef = D748D0812C309B060067809A /* FirebaseFunctionsCombine-Community */; };
		D748D0842C309B060067809A /* FirebaseInAppMessaging-Beta in Frameworks */ = {isa = PBXBuildFile; productRef = D748D0832C309B060067809A /* FirebaseInAppMessaging-Beta */; };
		D748D0862C309B060067809A /* FirebaseInAppMessagingSwift-Beta in Frameworks */ = {isa = PBXBuildFile; productRef = D748D0852C309B060067809A /* FirebaseInAppMessagingSwift-Beta */; };
		D748D0882C309B060067809A /* FirebaseInstallations in Frameworks */ = {isa = PBXBuildFile; productRef = D748D0872C309B060067809A /* FirebaseInstallations */; };
		D748D08A2C309B060067809A /* FirebaseMLModelDownloader in Frameworks */ = {isa = PBXBuildFile; productRef = D748D0892C309B060067809A /* FirebaseMLModelDownloader */; };
		D748D08C2C309B060067809A /* FirebaseMessaging in Frameworks */ = {isa = PBXBuildFile; productRef = D748D08B2C309B060067809A /* FirebaseMessaging */; };
		D748D08E2C309B060067809A /* FirebasePerformance in Frameworks */ = {isa = PBXBuildFile; productRef = D748D08D2C309B060067809A /* FirebasePerformance */; };
		D748D0902C309B060067809A /* FirebaseRemoteConfig in Frameworks */ = {isa = PBXBuildFile; productRef = D748D08F2C309B060067809A /* FirebaseRemoteConfig */; };
		D748D0922C309B060067809A /* FirebaseRemoteConfigSwift in Frameworks */ = {isa = PBXBuildFile; productRef = D748D0912C309B060067809A /* FirebaseRemoteConfigSwift */; };
		D748D0942C309B060067809A /* FirebaseStorage in Frameworks */ = {isa = PBXBuildFile; productRef = D748D0932C309B060067809A /* FirebaseStorage */; };
		D748D0962C309B060067809A /* FirebaseStorageCombine-Community in Frameworks */ = {isa = PBXBuildFile; productRef = D748D0952C309B060067809A /* FirebaseStorageCombine-Community */; };
		D748D0982C30A3AB0067809A /* LoginView.swift in Sources */ = {isa = PBXBuildFile; fileRef = D748D0972C30A3AB0067809A /* LoginView.swift */; };
		D7CDFA0E2C12AA3500CEB078 /* studentPortal_iosApp.swift in Sources */ = {isa = PBXBuildFile; fileRef = D7CDFA0D2C12AA3500CEB078 /* studentPortal_iosApp.swift */; };
		D7CDFA102C12AA3500CEB078 /* ContentView.swift in Sources */ = {isa = PBXBuildFile; fileRef = D7CDFA0F2C12AA3500CEB078 /* ContentView.swift */; };
		D7CDFA122C12AA3700CEB078 /* Assets.xcassets in Resources */ = {isa = PBXBuildFile; fileRef = D7CDFA112C12AA3700CEB078 /* Assets.xcassets */; };
		D7CDFA152C12AA3700CEB078 /* Preview Assets.xcassets in Resources */ = {isa = PBXBuildFile; fileRef = D7CDFA142C12AA3700CEB078 /* Preview Assets.xcassets */; };
		D7CDFA1C2C12AB0A00CEB078 /* WebView.swift in Sources */ = {isa = PBXBuildFile; fileRef = D7CDFA1B2C12AB0A00CEB078 /* WebView.swift */; };
		D7DA4BB62C2F75AE00EEB09F /* ProfileView.swift in Sources */ = {isa = PBXBuildFile; fileRef = D7DA4BB52C2F75AE00EEB09F /* ProfileView.swift */; };
		D7DA4BB82C2F75C900EEB09F /* CoursesView.swift in Sources */ = {isa = PBXBuildFile; fileRef = D7DA4BB72C2F75C900EEB09F /* CoursesView.swift */; };
		D7DA4BBA2C2F797700EEB09F /* HomeView.swift in Sources */ = {isa = PBXBuildFile; fileRef = D7DA4BB92C2F797700EEB09F /* HomeView.swift */; };
		D7DA4BBC2C2F79D300EEB09F /* text.rtf in Resources */ = {isa = PBXBuildFile; fileRef = D7DA4BBB2C2F79D300EEB09F /* text.rtf */; };
/* End PBXBuildFile section */

/* Begin PBXFileReference section */
		D748D05E2C30996B0067809A /* GoogleService-Info.plist */ = {isa = PBXFileReference; fileEncoding = 4; lastKnownFileType = text.plist.xml; path = "GoogleService-Info.plist"; sourceTree = "<group>"; };
		D748D0972C30A3AB0067809A /* LoginView.swift */ = {isa = PBXFileReference; lastKnownFileType = sourcecode.swift; path = LoginView.swift; sourceTree = "<group>"; };
		D7CDFA0A2C12AA3500CEB078 /* studentPortal_ios.app */ = {isa = PBXFileReference; explicitFileType = wrapper.application; includeInIndex = 0; path = studentPortal_ios.app; sourceTree = BUILT_PRODUCTS_DIR; };
		D7CDFA0D2C12AA3500CEB078 /* studentPortal_iosApp.swift */ = {isa = PBXFileReference; lastKnownFileType = sourcecode.swift; path = studentPortal_iosApp.swift; sourceTree = "<group>"; };
		D7CDFA0F2C12AA3500CEB078 /* ContentView.swift */ = {isa = PBXFileReference; lastKnownFileType = sourcecode.swift; path = ContentView.swift; sourceTree = "<group>"; };
		D7CDFA112C12AA3700CEB078 /* Assets.xcassets */ = {isa = PBXFileReference; lastKnownFileType = folder.assetcatalog; path = Assets.xcassets; sourceTree = "<group>"; };
		D7CDFA142C12AA3700CEB078 /* Preview Assets.xcassets */ = {isa = PBXFileReference; lastKnownFileType = folder.assetcatalog; path = "Preview Assets.xcassets"; sourceTree = "<group>"; };
		D7CDFA1B2C12AB0A00CEB078 /* WebView.swift */ = {isa = PBXFileReference; lastKnownFileType = sourcecode.swift; path = WebView.swift; sourceTree = "<group>"; };
		D7DA4BB52C2F75AE00EEB09F /* ProfileView.swift */ = {isa = PBXFileReference; lastKnownFileType = sourcecode.swift; path = ProfileView.swift; sourceTree = "<group>"; };
		D7DA4BB72C2F75C900EEB09F /* CoursesView.swift */ = {isa = PBXFileReference; lastKnownFileType = sourcecode.swift; path = CoursesView.swift; sourceTree = "<group>"; };
		D7DA4BB92C2F797700EEB09F /* HomeView.swift */ = {isa = PBXFileReference; lastKnownFileType = sourcecode.swift; path = HomeView.swift; sourceTree = "<group>"; };
		D7DA4BBB2C2F79D300EEB09F /* text.rtf */ = {isa = PBXFileReference; lastKnownFileType = text.rtf; path = text.rtf; sourceTree = "<group>"; };
/* End PBXFileReference section */

/* Begin PBXFrameworksBuildPhase section */
		D7CDFA072C12AA3500CEB078 /* Frameworks */ = {
			isa = PBXFrameworksBuildPhase;
			buildActionMask = 2147483647;
			files = (
				D748D0742C309B060067809A /* FirebaseDatabase in Frameworks */,
				D748D0822C309B060067809A /* FirebaseFunctionsCombine-Community in Frameworks */,
				D748D07A2C309B060067809A /* FirebaseFirestore in Frameworks */,
				D748D0662C309B060067809A /* FirebaseAnalyticsSwift in Frameworks */,
				D748D0622C309B060067809A /* FirebaseAnalytics in Frameworks */,
				D748D0642C309B060067809A /* FirebaseAnalyticsOnDeviceConversion in Frameworks */,
				D748D08A2C309B060067809A /* FirebaseMLModelDownloader in Frameworks */,
				D748D07E2C309B060067809A /* FirebaseFirestoreSwift in Frameworks */,
				D748D06A2C309B060067809A /* FirebaseAppCheck in Frameworks */,
				D748D0682C309B060067809A /* FirebaseAnalyticsWithoutAdIdSupport in Frameworks */,
				D748D06E2C309B060067809A /* FirebaseAuth in Frameworks */,
				D748D0722C309B060067809A /* FirebaseCrashlytics in Frameworks */,
				D748D0922C309B060067809A /* FirebaseRemoteConfigSwift in Frameworks */,
				D748D0842C309B060067809A /* FirebaseInAppMessaging-Beta in Frameworks */,
				D748D0762C309B060067809A /* FirebaseDatabaseSwift in Frameworks */,
				D748D0802C309B060067809A /* FirebaseFunctions in Frameworks */,
				D748D0962C309B060067809A /* FirebaseStorageCombine-Community in Frameworks */,
				D748D0902C309B060067809A /* FirebaseRemoteConfig in Frameworks */,
				D748D06C2C309B060067809A /* FirebaseAppDistribution-Beta in Frameworks */,
				D748D0702C309B060067809A /* FirebaseAuthCombine-Community in Frameworks */,
				D748D08E2C309B060067809A /* FirebasePerformance in Frameworks */,
				D748D0862C309B060067809A /* FirebaseInAppMessagingSwift-Beta in Frameworks */,
				D748D0942C309B060067809A /* FirebaseStorage in Frameworks */,
				D748D0782C309B060067809A /* FirebaseDynamicLinks in Frameworks */,
				D748D07C2C309B060067809A /* FirebaseFirestoreCombine-Community in Frameworks */,
				D748D08C2C309B060067809A /* FirebaseMessaging in Frameworks */,
				D748D0882C309B060067809A /* FirebaseInstallations in Frameworks */,
			);
			runOnlyForDeploymentPostprocessing = 0;
		};
/* End PBXFrameworksBuildPhase section */

/* Begin PBXGroup section */
		D7CDFA012C12AA3500CEB078 = {
			isa = PBXGroup;
			children = (
				D7CDFA0C2C12AA3500CEB078 /* studentPortal_ios */,
				D7CDFA0B2C12AA3500CEB078 /* Products */,
			);
			sourceTree = "<group>";
		};
		D7CDFA0B2C12AA3500CEB078 /* Products */ = {
			isa = PBXGroup;
			children = (
				D7CDFA0A2C12AA3500CEB078 /* studentPortal_ios.app */,
			);
			name = Products;
			sourceTree = "<group>";
		};
		D7CDFA0C2C12AA3500CEB078 /* studentPortal_ios */ = {
			isa = PBXGroup;
			children = (
				D7CDFA0D2C12AA3500CEB078 /* studentPortal_iosApp.swift */,
				D748D0972C30A3AB0067809A /* LoginView.swift */,
				D7CDFA0F2C12AA3500CEB078 /* ContentView.swift */,
				D7DA4BB72C2F75C900EEB09F /* CoursesView.swift */,
				D7DA4BB52C2F75AE00EEB09F /* ProfileView.swift */,
				D7CDFA112C12AA3700CEB078 /* Assets.xcassets */,
				D7CDFA1B2C12AB0A00CEB078 /* WebView.swift */,
				D7DA4BB92C2F797700EEB09F /* HomeView.swift */,
				D7DA4BBB2C2F79D300EEB09F /* text.rtf */,
				D748D05E2C30996B0067809A /* GoogleService-Info.plist */,
				D7CDFA132C12AA3700CEB078 /* Preview Content */,
			);
			path = studentPortal_ios;
			sourceTree = "<group>";
		};
		D7CDFA132C12AA3700CEB078 /* Preview Content */ = {
			isa = PBXGroup;
			children = (
				D7CDFA142C12AA3700CEB078 /* Preview Assets.xcassets */,
			);
			path = "Preview Content";
			sourceTree = "<group>";
		};
/* End PBXGroup section */

/* Begin PBXNativeTarget section */
		D7CDFA092C12AA3500CEB078 /* studentPortal_ios */ = {
			isa = PBXNativeTarget;
			buildConfigurationList = D7CDFA182C12AA3700CEB078 /* Build configuration list for PBXNativeTarget "studentPortal_ios" */;
			buildPhases = (
				D7CDFA062C12AA3500CEB078 /* Sources */,
				D7CDFA072C12AA3500CEB078 /* Frameworks */,
				D7CDFA082C12AA3500CEB078 /* Resources */,
			);
			buildRules = (
			);
			dependencies = (
			);
			name = studentPortal_ios;
			packageProductDependencies = (
				D748D0612C309B060067809A /* FirebaseAnalytics */,
				D748D0632C309B060067809A /* FirebaseAnalyticsOnDeviceConversion */,
				D748D0652C309B060067809A /* FirebaseAnalyticsSwift */,
				D748D0672C309B060067809A /* FirebaseAnalyticsWithoutAdIdSupport */,
				D748D0692C309B060067809A /* FirebaseAppCheck */,
				D748D06B2C309B060067809A /* FirebaseAppDistribution-Beta */,
				D748D06D2C309B060067809A /* FirebaseAuth */,
				D748D06F2C309B060067809A /* FirebaseAuthCombine-Community */,
				D748D0712C309B060067809A /* FirebaseCrashlytics */,
				D748D0732C309B060067809A /* FirebaseDatabase */,
				D748D0752C309B060067809A /* FirebaseDatabaseSwift */,
				D748D0772C309B060067809A /* FirebaseDynamicLinks */,
				D748D0792C309B060067809A /* FirebaseFirestore */,
				D748D07B2C309B060067809A /* FirebaseFirestoreCombine-Community */,
				D748D07D2C309B060067809A /* FirebaseFirestoreSwift */,
				D748D07F2C309B060067809A /* FirebaseFunctions */,
				D748D0812C309B060067809A /* FirebaseFunctionsCombine-Community */,
				D748D0832C309B060067809A /* FirebaseInAppMessaging-Beta */,
				D748D0852C309B060067809A /* FirebaseInAppMessagingSwift-Beta */,
				D748D0872C309B060067809A /* FirebaseInstallations */,
				D748D0892C309B060067809A /* FirebaseMLModelDownloader */,
				D748D08B2C309B060067809A /* FirebaseMessaging */,
				D748D08D2C309B060067809A /* FirebasePerformance */,
				D748D08F2C309B060067809A /* FirebaseRemoteConfig */,
				D748D0912C309B060067809A /* FirebaseRemoteConfigSwift */,
				D748D0932C309B060067809A /* FirebaseStorage */,
				D748D0952C309B060067809A /* FirebaseStorageCombine-Community */,
			);
			productName = studentPortal_ios;
			productReference = D7CDFA0A2C12AA3500CEB078 /* studentPortal_ios.app */;
			productType = "com.apple.product-type.application";
		};
/* End PBXNativeTarget section */

/* Begin PBXProject section */
		D7CDFA022C12AA3500CEB078 /* Project object */ = {
			isa = PBXProject;
			attributes = {
				BuildIndependentTargetsInParallel = 1;
				LastSwiftUpdateCheck = 1340;
				LastUpgradeCheck = 1340;
				TargetAttributes = {
					D7CDFA092C12AA3500CEB078 = {
						CreatedOnToolsVersion = 13.4.1;
					};
				};
			};
			buildConfigurationList = D7CDFA052C12AA3500CEB078 /* Build configuration list for PBXProject "studentPortal_ios" */;
			compatibilityVersion = "Xcode 13.0";
			developmentRegion = en;
			hasScannedForEncodings = 0;
			knownRegions = (
				en,
				Base,
			);
			mainGroup = D7CDFA012C12AA3500CEB078;
			packageReferences = (
				D748D0602C309B060067809A /* XCRemoteSwiftPackageReference "firebase-ios-sdk" */,
			);
			productRefGroup = D7CDFA0B2C12AA3500CEB078 /* Products */;
			projectDirPath = "";
			projectRoot = "";
			targets = (
				D7CDFA092C12AA3500CEB078 /* studentPortal_ios */,
			);
		};
/* End PBXProject section */

/* Begin PBXResourcesBuildPhase section */
		D7CDFA082C12AA3500CEB078 /* Resources */ = {
			isa = PBXResourcesBuildPhase;
			buildActionMask = 2147483647;
			files = (
				D7CDFA152C12AA3700CEB078 /* Preview Assets.xcassets in Resources */,
				D748D05F2C30996B0067809A /* GoogleService-Info.plist in Resources */,
				D7DA4BBC2C2F79D300EEB09F /* text.rtf in Resources */,
				D7CDFA122C12AA3700CEB078 /* Assets.xcassets in Resources */,
			);
			runOnlyForDeploymentPostprocessing = 0;
		};
/* End PBXResourcesBuildPhase section */

/* Begin PBXSourcesBuildPhase section */
		D7CDFA062C12AA3500CEB078 /* Sources */ = {
			isa = PBXSourcesBuildPhase;
			buildActionMask = 2147483647;
			files = (
				D7DA4BB62C2F75AE00EEB09F /* ProfileView.swift in Sources */,
				D748D0982C30A3AB0067809A /* LoginView.swift in Sources */,
				D7DA4BB82C2F75C900EEB09F /* CoursesView.swift in Sources */,
				D7CDFA1C2C12AB0A00CEB078 /* WebView.swift in Sources */,
				D7DA4BBA2C2F797700EEB09F /* HomeView.swift in Sources */,
				D7CDFA102C12AA3500CEB078 /* ContentView.swift in Sources */,
				D7CDFA0E2C12AA3500CEB078 /* studentPortal_iosApp.swift in Sources */,
			);
			runOnlyForDeploymentPostprocessing = 0;
		};
/* End PBXSourcesBuildPhase section */

/* Begin XCBuildConfiguration section */
		D7CDFA162C12AA3700CEB078 /* Debug */ = {
			isa = XCBuildConfiguration;
			buildSettings = {
				ALWAYS_SEARCH_USER_PATHS = NO;
				CLANG_ANALYZER_NONNULL = YES;
				CLANG_ANALYZER_NUMBER_OBJECT_CONVERSION = YES_AGGRESSIVE;
				CLANG_CXX_LANGUAGE_STANDARD = "gnu++17";
				CLANG_ENABLE_MODULES = YES;
				CLANG_ENABLE_OBJC_ARC = YES;
				CLANG_ENABLE_OBJC_WEAK = YES;
				CLANG_WARN_BLOCK_CAPTURE_AUTORELEASING = YES;
				CLANG_WARN_BOOL_CONVERSION = YES;
				CLANG_WARN_COMMA = YES;
				CLANG_WARN_CONSTANT_CONVERSION = YES;
				CLANG_WARN_DEPRECATED_OBJC_IMPLEMENTATIONS = YES;
				CLANG_WARN_DIRECT_OBJC_ISA_USAGE = YES_ERROR;
				CLANG_WARN_DOCUMENTATION_COMMENTS = YES;
				CLANG_WARN_EMPTY_BODY = YES;
				CLANG_WARN_ENUM_CONVERSION = YES;
				CLANG_WARN_INFINITE_RECURSION = YES;
				CLANG_WARN_INT_CONVERSION = YES;
				CLANG_WARN_NON_LITERAL_NULL_CONVERSION = YES;
				CLANG_WARN_OBJC_IMPLICIT_RETAIN_SELF = YES;
				CLANG_WARN_OBJC_LITERAL_CONVERSION = YES;
				CLANG_WARN_OBJC_ROOT_CLASS = YES_ERROR;
				CLANG_WARN_QUOTED_INCLUDE_IN_FRAMEWORK_HEADER = YES;
				CLANG_WARN_RANGE_LOOP_ANALYSIS = YES;
				CLANG_WARN_STRICT_PROTOTYPES = YES;
				CLANG_WARN_SUSPICIOUS_MOVE = YES;
				CLANG_WARN_UNGUARDED_AVAILABILITY = YES_AGGRESSIVE;
				CLANG_WARN_UNREACHABLE_CODE = YES;
				CLANG_WARN__DUPLICATE_METHOD_MATCH = YES;
				COPY_PHASE_STRIP = NO;
				DEBUG_INFORMATION_FORMAT = dwarf;
				ENABLE_STRICT_OBJC_MSGSEND = YES;
				ENABLE_TESTABILITY = YES;
				GCC_C_LANGUAGE_STANDARD = gnu11;
				GCC_DYNAMIC_NO_PIC = NO;
				GCC_NO_COMMON_BLOCKS = YES;
				GCC_OPTIMIZATION_LEVEL = 0;
				GCC_PREPROCESSOR_DEFINITIONS = (
					"DEBUG=1",
					"$(inherited)",
				);
				GCC_WARN_64_TO_32_BIT_CONVERSION = YES;
				GCC_WARN_ABOUT_RETURN_TYPE = YES_ERROR;
				GCC_WARN_UNDECLARED_SELECTOR = YES;
				GCC_WARN_UNINITIALIZED_AUTOS = YES_AGGRESSIVE;
				GCC_WARN_UNUSED_FUNCTION = YES;
				GCC_WARN_UNUSED_VARIABLE = YES;
				IPHONEOS_DEPLOYMENT_TARGET = 15.5;
				MTL_ENABLE_DEBUG_INFO = INCLUDE_SOURCE;
				MTL_FAST_MATH = YES;
				ONLY_ACTIVE_ARCH = YES;
				SDKROOT = iphoneos;
				SWIFT_ACTIVE_COMPILATION_CONDITIONS = DEBUG;
				SWIFT_OPTIMIZATION_LEVEL = "-Onone";
			};
			name = Debug;
		};
		D7CDFA172C12AA3700CEB078 /* Release */ = {
			isa = XCBuildConfiguration;
			buildSettings = {
				ALWAYS_SEARCH_USER_PATHS = NO;
				CLANG_ANALYZER_NONNULL = YES;
				CLANG_ANALYZER_NUMBER_OBJECT_CONVERSION = YES_AGGRESSIVE;
				CLANG_CXX_LANGUAGE_STANDARD = "gnu++17";
				CLANG_ENABLE_MODULES = YES;
				CLANG_ENABLE_OBJC_ARC = YES;
				CLANG_ENABLE_OBJC_WEAK = YES;
				CLANG_WARN_BLOCK_CAPTURE_AUTORELEASING = YES;
				CLANG_WARN_BOOL_CONVERSION = YES;
				CLANG_WARN_COMMA = YES;
				CLANG_WARN_CONSTANT_CONVERSION = YES;
				CLANG_WARN_DEPRECATED_OBJC_IMPLEMENTATIONS = YES;
				CLANG_WARN_DIRECT_OBJC_ISA_USAGE = YES_ERROR;
				CLANG_WARN_DOCUMENTATION_COMMENTS = YES;
				CLANG_WARN_EMPTY_BODY = YES;
				CLANG_WARN_ENUM_CONVERSION = YES;
				CLANG_WARN_INFINITE_RECURSION = YES;
				CLANG_WARN_INT_CONVERSION = YES;
				CLANG_WARN_NON_LITERAL_NULL_CONVERSION = YES;
				CLANG_WARN_OBJC_IMPLICIT_RETAIN_SELF = YES;
				CLANG_WARN_OBJC_LITERAL_CONVERSION = YES;
				CLANG_WARN_OBJC_ROOT_CLASS = YES_ERROR;
				CLANG_WARN_QUOTED_INCLUDE_IN_FRAMEWORK_HEADER = YES;
				CLANG_WARN_RANGE_LOOP_ANALYSIS = YES;
				CLANG_WARN_STRICT_PROTOTYPES = YES;
				CLANG_WARN_SUSPICIOUS_MOVE = YES;
				CLANG_WARN_UNGUARDED_AVAILABILITY = YES_AGGRESSIVE;
				CLANG_WARN_UNREACHABLE_CODE = YES;
				CLANG_WARN__DUPLICATE_METHOD_MATCH = YES;
				COPY_PHASE_STRIP = NO;
				DEBUG_INFORMATION_FORMAT = "dwarf-with-dsym";
				ENABLE_NS_ASSERTIONS = NO;
				ENABLE_STRICT_OBJC_MSGSEND = YES;
				GCC_C_LANGUAGE_STANDARD = gnu11;
				GCC_NO_COMMON_BLOCKS = YES;
				GCC_WARN_64_TO_32_BIT_CONVERSION = YES;
				GCC_WARN_ABOUT_RETURN_TYPE = YES_ERROR;
				GCC_WARN_UNDECLARED_SELECTOR = YES;
				GCC_WARN_UNINITIALIZED_AUTOS = YES_AGGRESSIVE;
				GCC_WARN_UNUSED_FUNCTION = YES;
				GCC_WARN_UNUSED_VARIABLE = YES;
				IPHONEOS_DEPLOYMENT_TARGET = 15.5;
				MTL_ENABLE_DEBUG_INFO = NO;
				MTL_FAST_MATH = YES;
				SDKROOT = iphoneos;
				SWIFT_COMPILATION_MODE = wholemodule;
				SWIFT_OPTIMIZATION_LEVEL = "-O";
				VALIDATE_PRODUCT = YES;
			};
			name = Release;
		};
		D7CDFA192C12AA3700CEB078 /* Debug */ = {
			isa = XCBuildConfiguration;
			buildSettings = {
				ASSETCATALOG_COMPILER_APPICON_NAME = AppIcon;
				ASSETCATALOG_COMPILER_GLOBAL_ACCENT_COLOR_NAME = AccentColor;
				CODE_SIGN_STYLE = Automatic;
				CURRENT_PROJECT_VERSION = 1;
				DEVELOPMENT_ASSET_PATHS = "\"studentPortal_ios/Preview Content\"";
				ENABLE_PREVIEWS = YES;
				GENERATE_INFOPLIST_FILE = YES;
				INFOPLIST_KEY_UIApplicationSceneManifest_Generation = YES;
				INFOPLIST_KEY_UIApplicationSupportsIndirectInputEvents = YES;
				INFOPLIST_KEY_UILaunchScreen_Generation = YES;
				INFOPLIST_KEY_UISupportedInterfaceOrientations_iPad = "UIInterfaceOrientationPortrait UIInterfaceOrientationPortraitUpsideDown UIInterfaceOrientationLandscapeLeft UIInterfaceOrientationLandscapeRight";
				INFOPLIST_KEY_UISupportedInterfaceOrientations_iPhone = "UIInterfaceOrientationPortrait UIInterfaceOrientationLandscapeLeft UIInterfaceOrientationLandscapeRight";
				LD_RUNPATH_SEARCH_PATHS = (
					"$(inherited)",
					"@executable_path/Frameworks",
				);
				MARKETING_VERSION = 1.0;
				PRODUCT_BUNDLE_IDENTIFIER = "io.github.chengkuanz.studentPortal-ios";
				PRODUCT_NAME = "$(TARGET_NAME)";
				SWIFT_EMIT_LOC_STRINGS = YES;
				SWIFT_VERSION = 5.0;
				TARGETED_DEVICE_FAMILY = "1,2";
			};
			name = Debug;
		};
		D7CDFA1A2C12AA3700CEB078 /* Release */ = {
			isa = XCBuildConfiguration;
			buildSettings = {
				ASSETCATALOG_COMPILER_APPICON_NAME = AppIcon;
				ASSETCATALOG_COMPILER_GLOBAL_ACCENT_COLOR_NAME = AccentColor;
				CODE_SIGN_STYLE = Automatic;
				CURRENT_PROJECT_VERSION = 1;
				DEVELOPMENT_ASSET_PATHS = "\"studentPortal_ios/Preview Content\"";
				ENABLE_PREVIEWS = YES;
				GENERATE_INFOPLIST_FILE = YES;
				INFOPLIST_KEY_UIApplicationSceneManifest_Generation = YES;
				INFOPLIST_KEY_UIApplicationSupportsIndirectInputEvents = YES;
				INFOPLIST_KEY_UILaunchScreen_Generation = YES;
				INFOPLIST_KEY_UISupportedInterfaceOrientations_iPad = "UIInterfaceOrientationPortrait UIInterfaceOrientationPortraitUpsideDown UIInterfaceOrientationLandscapeLeft UIInterfaceOrientationLandscapeRight";
				INFOPLIST_KEY_UISupportedInterfaceOrientations_iPhone = "UIInterfaceOrientationPortrait UIInterfaceOrientationLandscapeLeft UIInterfaceOrientationLandscapeRight";
				LD_RUNPATH_SEARCH_PATHS = (
					"$(inherited)",
					"@executable_path/Frameworks",
				);
				MARKETING_VERSION = 1.0;
				PRODUCT_BUNDLE_IDENTIFIER = "io.github.chengkuanz.studentPortal-ios";
				PRODUCT_NAME = "$(TARGET_NAME)";
				SWIFT_EMIT_LOC_STRINGS = YES;
				SWIFT_VERSION = 5.0;
				TARGETED_DEVICE_FAMILY = "1,2";
			};
			name = Release;
		};
/* End XCBuildConfiguration section */

/* Begin XCConfigurationList section */
		D7CDFA052C12AA3500CEB078 /* Build configuration list for PBXProject "studentPortal_ios" */ = {
			isa = XCConfigurationList;
			buildConfigurations = (
				D7CDFA162C12AA3700CEB078 /* Debug */,
				D7CDFA172C12AA3700CEB078 /* Release */,
			);
			defaultConfigurationIsVisible = 0;
			defaultConfigurationName = Release;
		};
		D7CDFA182C12AA3700CEB078 /* Build configuration list for PBXNativeTarget "studentPortal_ios" */ = {
			isa = XCConfigurationList;
			buildConfigurations = (
				D7CDFA192C12AA3700CEB078 /* Debug */,
				D7CDFA1A2C12AA3700CEB078 /* Release */,
			);
			defaultConfigurationIsVisible = 0;
			defaultConfigurationName = Release;
		};
/* End XCConfigurationList section */

/* Begin XCRemoteSwiftPackageReference section */
		D748D0602C309B060067809A /* XCRemoteSwiftPackageReference "firebase-ios-sdk" */ = {
			isa = XCRemoteSwiftPackageReference;
			repositoryURL = "https://github.com/firebase/firebase-ios-sdk";
			requirement = {
				kind = upToNextMajorVersion;
				minimumVersion = 9.0.0;
			};
		};
/* End XCRemoteSwiftPackageReference section */

/* Begin XCSwiftPackageProductDependency section */
		D748D0612C309B060067809A /* FirebaseAnalytics */ = {
			isa = XCSwiftPackageProductDependency;
			package = D748D0602C309B060067809A /* XCRemoteSwiftPackageReference "firebase-ios-sdk" */;
			productName = FirebaseAnalytics;
		};
		D748D0632C309B060067809A /* FirebaseAnalyticsOnDeviceConversion */ = {
			isa = XCSwiftPackageProductDependency;
			package = D748D0602C309B060067809A /* XCRemoteSwiftPackageReference "firebase-ios-sdk" */;
			productName = FirebaseAnalyticsOnDeviceConversion;
		};
		D748D0652C309B060067809A /* FirebaseAnalyticsSwift */ = {
			isa = XCSwiftPackageProductDependency;
			package = D748D0602C309B060067809A /* XCRemoteSwiftPackageReference "firebase-ios-sdk" */;
			productName = FirebaseAnalyticsSwift;
		};
		D748D0672C309B060067809A /* FirebaseAnalyticsWithoutAdIdSupport */ = {
			isa = XCSwiftPackageProductDependency;
			package = D748D0602C309B060067809A /* XCRemoteSwiftPackageReference "firebase-ios-sdk" */;
			productName = FirebaseAnalyticsWithoutAdIdSupport;
		};
		D748D0692C309B060067809A /* FirebaseAppCheck */ = {
			isa = XCSwiftPackageProductDependency;
			package = D748D0602C309B060067809A /* XCRemoteSwiftPackageReference "firebase-ios-sdk" */;
			productName = FirebaseAppCheck;
		};
		D748D06B2C309B060067809A /* FirebaseAppDistribution-Beta */ = {
			isa = XCSwiftPackageProductDependency;
			package = D748D0602C309B060067809A /* XCRemoteSwiftPackageReference "firebase-ios-sdk" */;
			productName = "FirebaseAppDistribution-Beta";
		};
		D748D06D2C309B060067809A /* FirebaseAuth */ = {
			isa = XCSwiftPackageProductDependency;
			package = D748D0602C309B060067809A /* XCRemoteSwiftPackageReference "firebase-ios-sdk" */;
			productName = FirebaseAuth;
		};
		D748D06F2C309B060067809A /* FirebaseAuthCombine-Community */ = {
			isa = XCSwiftPackageProductDependency;
			package = D748D0602C309B060067809A /* XCRemoteSwiftPackageReference "firebase-ios-sdk" */;
			productName = "FirebaseAuthCombine-Community";
		};
		D748D0712C309B060067809A /* FirebaseCrashlytics */ = {
			isa = XCSwiftPackageProductDependency;
			package = D748D0602C309B060067809A /* XCRemoteSwiftPackageReference "firebase-ios-sdk" */;
			productName = FirebaseCrashlytics;
		};
		D748D0732C309B060067809A /* FirebaseDatabase */ = {
			isa = XCSwiftPackageProductDependency;
			package = D748D0602C309B060067809A /* XCRemoteSwiftPackageReference "firebase-ios-sdk" */;
			productName = FirebaseDatabase;
		};
		D748D0752C309B060067809A /* FirebaseDatabaseSwift */ = {
			isa = XCSwiftPackageProductDependency;
			package = D748D0602C309B060067809A /* XCRemoteSwiftPackageReference "firebase-ios-sdk" */;
			productName = FirebaseDatabaseSwift;
		};
		D748D0772C309B060067809A /* FirebaseDynamicLinks */ = {
			isa = XCSwiftPackageProductDependency;
			package = D748D0602C309B060067809A /* XCRemoteSwiftPackageReference "firebase-ios-sdk" */;
			productName = FirebaseDynamicLinks;
		};
		D748D0792C309B060067809A /* FirebaseFirestore */ = {
			isa = XCSwiftPackageProductDependency;
			package = D748D0602C309B060067809A /* XCRemoteSwiftPackageReference "firebase-ios-sdk" */;
			productName = FirebaseFirestore;
		};
		D748D07B2C309B060067809A /* FirebaseFirestoreCombine-Community */ = {
			isa = XCSwiftPackageProductDependency;
			package = D748D0602C309B060067809A /* XCRemoteSwiftPackageReference "firebase-ios-sdk" */;
			productName = "FirebaseFirestoreCombine-Community";
		};
		D748D07D2C309B060067809A /* FirebaseFirestoreSwift */ = {
			isa = XCSwiftPackageProductDependency;
			package = D748D0602C309B060067809A /* XCRemoteSwiftPackageReference "firebase-ios-sdk" */;
			productName = FirebaseFirestoreSwift;
		};
		D748D07F2C309B060067809A /* FirebaseFunctions */ = {
			isa = XCSwiftPackageProductDependency;
			package = D748D0602C309B060067809A /* XCRemoteSwiftPackageReference "firebase-ios-sdk" */;
			productName = FirebaseFunctions;
		};
		D748D0812C309B060067809A /* FirebaseFunctionsCombine-Community */ = {
			isa = XCSwiftPackageProductDependency;
			package = D748D0602C309B060067809A /* XCRemoteSwiftPackageReference "firebase-ios-sdk" */;
			productName = "FirebaseFunctionsCombine-Community";
		};
		D748D0832C309B060067809A /* FirebaseInAppMessaging-Beta */ = {
			isa = XCSwiftPackageProductDependency;
			package = D748D0602C309B060067809A /* XCRemoteSwiftPackageReference "firebase-ios-sdk" */;
			productName = "FirebaseInAppMessaging-Beta";
		};
		D748D0852C309B060067809A /* FirebaseInAppMessagingSwift-Beta */ = {
			isa = XCSwiftPackageProductDependency;
			package = D748D0602C309B060067809A /* XCRemoteSwiftPackageReference "firebase-ios-sdk" */;
			productName = "FirebaseInAppMessagingSwift-Beta";
		};
		D748D0872C309B060067809A /* FirebaseInstallations */ = {
			isa = XCSwiftPackageProductDependency;
			package = D748D0602C309B060067809A /* XCRemoteSwiftPackageReference "firebase-ios-sdk" */;
			productName = FirebaseInstallations;
		};
		D748D0892C309B060067809A /* FirebaseMLModelDownloader */ = {
			isa = XCSwiftPackageProductDependency;
			package = D748D0602C309B060067809A /* XCRemoteSwiftPackageReference "firebase-ios-sdk" */;
			productName = FirebaseMLModelDownloader;
		};
		D748D08B2C309B060067809A /* FirebaseMessaging */ = {
			isa = XCSwiftPackageProductDependency;
			package = D748D0602C309B060067809A /* XCRemoteSwiftPackageReference "firebase-ios-sdk" */;
			productName = FirebaseMessaging;
		};
		D748D08D2C309B060067809A /* FirebasePerformance */ = {
			isa = XCSwiftPackageProductDependency;
			package = D748D0602C309B060067809A /* XCRemoteSwiftPackageReference "firebase-ios-sdk" */;
			productName = FirebasePerformance;
		};
		D748D08F2C309B060067809A /* FirebaseRemoteConfig */ = {
			isa = XCSwiftPackageProductDependency;
			package = D748D0602C309B060067809A /* XCRemoteSwiftPackageReference "firebase-ios-sdk" */;
			productName = FirebaseRemoteConfig;
		};
		D748D0912C309B060067809A /* FirebaseRemoteConfigSwift */ = {
			isa = XCSwiftPackageProductDependency;
			package = D748D0602C309B060067809A /* XCRemoteSwiftPackageReference "firebase-ios-sdk" */;
			productName = FirebaseRemoteConfigSwift;
		};
		D748D0932C309B060067809A /* FirebaseStorage */ = {
			isa = XCSwiftPackageProductDependency;
			package = D748D0602C309B060067809A /* XCRemoteSwiftPackageReference "firebase-ios-sdk" */;
			productName = FirebaseStorage;
		};
		D748D0952C309B060067809A /* FirebaseStorageCombine-Community */ = {
			isa = XCSwiftPackageProductDependency;
			package = D748D0602C309B060067809A /* XCRemoteSwiftPackageReference "firebase-ios-sdk" */;
			productName = "FirebaseStorageCombine-Community";
		};
/* End XCSwiftPackageProductDependency section */
	};
	rootObject = D7CDFA022C12AA3500CEB078 /* Project object */;
}
