// !$*UTF8*$!
{
	archiveVersion = 1;
	classes = {
	};
	objectVersion = 55;
	objects = {

/* Begin PBXBuildFile section */
		D748D05F2C30996B0067809A /* GoogleService-Info.plist in Resources */ = {isa = PBXBuildFile; fileRef = D748D05E2C30996B0067809A /* GoogleService-Info.plist */; };
		D7CDFA0E2C12AA3500CEB078 /* studentPortal_iosApp.swift in Sources */ = {isa = PBXBuildFile; fileRef = D7CDFA0D2C12AA3500CEB078 /* studentPortal_iosApp.swift */; };
		D7CDFA102C12AA3500CEB078 /* ContentView.swift in Sources */ = {isa = PBXBuildFile; fileRef = D7CDFA0F2C12AA3500CEB078 /* ContentView.swift */; };
		D7CDFA122C12AA3700CEB078 /* Assets.xcassets in Resources */ = {isa = PBXBuildFile; fileRef = D7CDFA112C12AA3700CEB078 /* Assets.xcassets */; };
		D7CDFA152C12AA3700CEB078 /* Preview Assets.xcassets in Resources */ = {isa = PBXBuildFile; fileRef = D7CDFA142C12AA3700CEB078 /* Preview Assets.xcassets */; };
		D7CDFA1C2C12AB0A00CEB078 /* WebView.swift in Sources */ = {isa = PBXBuildFile; fileRef = D7CDFA1B2C12AB0A00CEB078 /* WebView.swift */; };
		D7DA4BB62C2F75AE00EEB09F /* ProfileView.swift in Sources */ = {isa = PBXBuildFile; fileRef = D7DA4BB52C2F75AE00EEB09F /* ProfileView.swift */; };
		D7DA4BB82C2F75C900EEB09F /* CoursesView.swift in Sources */ = {isa = PBXBuildFile; fileRef = D7DA4BB72C2F75C900EEB09F /* CoursesView.swift */; };
		D7DA4BBA2C2F797700EEB09F /* HomeView.swift in Sources */ = {isa = PBXBuildFile; fileRef = D7DA4BB92C2F797700EEB09F /* HomeView.swift */; };
		D7DA4BBC2C2F79D300EEB09F /* text.rtf in Resources */ = {isa = PBXBuildFile; fileRef = D7DA4BBB2C2F79D300EEB09F /* text.rtf */; };
/* End PBXBuildFile section */

/* Begin PBXFileReference section */
		D748D05E2C30996B0067809A /* GoogleService-Info.plist */ = {isa = PBXFileReference; fileEncoding = 4; lastKnownFileType = text.plist.xml; path = "GoogleService-Info.plist"; sourceTree = "<group>"; };
		D7CDFA0A2C12AA3500CEB078 /* studentPortal_ios.app */ = {isa = PBXFileReference; explicitFileType = wrapper.application; includeInIndex = 0; path = studentPortal_ios.app; sourceTree = BUILT_PRODUCTS_DIR; };
		D7CDFA0D2C12AA3500CEB078 /* studentPortal_iosApp.swift */ = {isa = PBXFileReference; lastKnownFileType = sourcecode.swift; path = studentPortal_iosApp.swift; sourceTree = "<group>"; };
		D7CDFA0F2C12AA3500CEB078 /* ContentView.swift */ = {isa = PBXFileReference; lastKnownFileType = sourcecode.swift; path = ContentView.swift; sourceTree = "<group>"; };
		D7CDFA112C12AA3700CEB078 /* Assets.xcassets */ = {isa = PBXFileReference; lastKnownFileType = folder.assetcatalog; path = Assets.xcassets; sourceTree = "<group>"; };
		D7CDFA142C12AA3700CEB078 /* Preview Assets.xcassets */ = {isa = PBXFileReference; lastKnownFileType = folder.assetcatalog; path = "Preview Assets.xcassets"; sourceTree = "<group>"; };
		D7CDFA1B2C12AB0A00CEB078 /* WebView.swift */ = {isa = PBXFileReference; lastKnownFileType = sourcecode.swift; path = WebView.swift; sourceTree = "<group>"; };
		D7DA4BB52C2F75AE00EEB09F /* ProfileView.swift */ = {isa = PBXFileReference; lastKnownFileType = sourcecode.swift; path = ProfileView.swift; sourceTree = "<group>"; };
		D7DA4BB72C2F75C900EEB09F /* CoursesView.swift */ = {isa = PBXFileReference; lastKnownFileType = sourcecode.swift; path = CoursesView.swift; sourceTree = "<group>"; };
		D7DA4BB92C2F797700EEB09F /* HomeView.swift */ = {isa = PBXFileReference; lastKnownFileType = sourcecode.swift; path = HomeView.swift; sourceTree = "<group>"; };
		D7DA4BBB2C2F79D300EEB09F /* text.rtf */ = {isa = PBXFileReference; lastKnownFileType = text.rtf; path = text.rtf; sourceTree = "<group>"; };
/* End PBXFileReference section */

/* Begin PBXFrameworksBuildPhase section */
		D7CDFA072C12AA3500CEB078 /* Frameworks */ = {
			isa = PBXFrameworksBuildPhase;
			buildActionMask = 2147483647;
			files = (
			);
			runOnlyForDeploymentPostprocessing = 0;
		};
/* End PBXFrameworksBuildPhase section */

/* Begin PBXGroup section */
		D7CDFA012C12AA3500CEB078 = {
			isa = PBXGroup;
			children = (
				D7CDFA0C2C12AA3500CEB078 /* studentPortal_ios */,
				D7CDFA0B2C12AA3500CEB078 /* Products */,
			);
			sourceTree = "<group>";
		};
		D7CDFA0B2C12AA3500CEB078 /* Products */ = {
			isa = PBXGroup;
			children = (
				D7CDFA0A2C12AA3500CEB078 /* studentPortal_ios.app */,
			);
			name = Products;
			sourceTree = "<group>";
		};
		D7CDFA0C2C12AA3500CEB078 /* studentPortal_ios */ = {
			isa = PBXGroup;
			children = (
				D7CDFA0D2C12AA3500CEB078 /* studentPortal_iosApp.swift */,
				D7CDFA0F2C12AA3500CEB078 /* ContentView.swift */,
				D7DA4BB72C2F75C900EEB09F /* CoursesView.swift */,
				D7DA4BB52C2F75AE00EEB09F /* ProfileView.swift */,
				D7CDFA112C12AA3700CEB078 /* Assets.xcassets */,
				D7CDFA1B2C12AB0A00CEB078 /* WebView.swift */,
				D7DA4BB92C2F797700EEB09F /* HomeView.swift */,
				D7DA4BBB2C2F79D300EEB09F /* text.rtf */,
				D748D05E2C30996B0067809A /* GoogleService-Info.plist */,
				D7CDFA132C12AA3700CEB078 /* Preview Content */,
			);
			path = studentPortal_ios;
			sourceTree = "<group>";
		};
		D7CDFA132C12AA3700CEB078 /* Preview Content */ = {
			isa = PBXGroup;
			children = (
				D7CDFA142C12AA3700CEB078 /* Preview Assets.xcassets */,
			);
			path = "Preview Content";
			sourceTree = "<group>";
		};
/* End PBXGroup section */

/* Begin PBXNativeTarget section */
		D7CDFA092C12AA3500CEB078 /* studentPortal_ios */ = {
			isa = PBXNativeTarget;
			buildConfigurationList = D7CDFA182C12AA3700CEB078 /* Build configuration list for PBXNativeTarget "studentPortal_ios" */;
			buildPhases = (
				D7CDFA062C12AA3500CEB078 /* Sources */,
				D7CDFA072C12AA3500CEB078 /* Frameworks */,
				D7CDFA082C12AA3500CEB078 /* Resources */,
			);
			buildRules = (
			);
			dependencies = (
			);
			name = studentPortal_ios;
			productName = studentPortal_ios;
			productReference = D7CDFA0A2C12AA3500CEB078 /* studentPortal_ios.app */;
			productType = "com.apple.product-type.application";
		};
/* End PBXNativeTarget section */

/* Begin PBXProject section */
		D7CDFA022C12AA3500CEB078 /* Project object */ = {
			isa = PBXProject;
			attributes = {
				BuildIndependentTargetsInParallel = 1;
				LastSwiftUpdateCheck = 1340;
				LastUpgradeCheck = 1340;
				TargetAttributes = {
					D7CDFA092C12AA3500CEB078 = {
						CreatedOnToolsVersion = 13.4.1;
					};
				};
			};
			buildConfigurationList = D7CDFA052C12AA3500CEB078 /* Build configuration list for PBXProject "studentPortal_ios" */;
			compatibilityVersion = "Xcode 13.0";
			developmentRegion = en;
			hasScannedForEncodings = 0;
			knownRegions = (
				en,
				Base,
			);
			mainGroup = D7CDFA012C12AA3500CEB078;
			productRefGroup = D7CDFA0B2C12AA3500CEB078 /* Products */;
			projectDirPath = "";
			projectRoot = "";
			targets = (
				D7CDFA092C12AA3500CEB078 /* studentPortal_ios */,
			);
		};
/* End PBXProject section */

/* Begin PBXResourcesBuildPhase section */
		D7CDFA082C12AA3500CEB078 /* Resources */ = {
			isa = PBXResourcesBuildPhase;
			buildActionMask = 2147483647;
			files = (
				D7CDFA152C12AA3700CEB078 /* Preview Assets.xcassets in Resources */,
				D748D05F2C30996B0067809A /* GoogleService-Info.plist in Resources */,
				D7DA4BBC2C2F79D300EEB09F /* text.rtf in Resources */,
				D7CDFA122C12AA3700CEB078 /* Assets.xcassets in Resources */,
			);
			runOnlyForDeploymentPostprocessing = 0;
		};
/* End PBXResourcesBuildPhase section */

/* Begin PBXSourcesBuildPhase section */
		D7CDFA062C12AA3500CEB078 /* Sources */ = {
			isa = PBXSourcesBuildPhase;
			buildActionMask = 2147483647;
			files = (
				D7DA4BB62C2F75AE00EEB09F /* ProfileView.swift in Sources */,
				D7DA4BB82C2F75C900EEB09F /* CoursesView.swift in Sources */,
				D7CDFA1C2C12AB0A00CEB078 /* WebView.swift in Sources */,
				D7DA4BBA2C2F797700EEB09F /* HomeView.swift in Sources */,
				D7CDFA102C12AA3500CEB078 /* ContentView.swift in Sources */,
				D7CDFA0E2C12AA3500CEB078 /* studentPortal_iosApp.swift in Sources */,
			);
			runOnlyForDeploymentPostprocessing = 0;
		};
/* End PBXSourcesBuildPhase section */

/* Begin XCBuildConfiguration section */
		D7CDFA162C12AA3700CEB078 /* Debug */ = {
			isa = XCBuildConfiguration;
			buildSettings = {
				ALWAYS_SEARCH_USER_PATHS = NO;
				CLANG_ANALYZER_NONNULL = YES;
				CLANG_ANALYZER_NUMBER_OBJECT_CONVERSION = YES_AGGRESSIVE;
				CLANG_CXX_LANGUAGE_STANDARD = "gnu++17";
				CLANG_ENABLE_MODULES = YES;
				CLANG_ENABLE_OBJC_ARC = YES;
				CLANG_ENABLE_OBJC_WEAK = YES;
				CLANG_WARN_BLOCK_CAPTURE_AUTORELEASING = YES;
				CLANG_WARN_BOOL_CONVERSION = YES;
				CLANG_WARN_COMMA = YES;
				CLANG_WARN_CONSTANT_CONVERSION = YES;
				CLANG_WARN_DEPRECATED_OBJC_IMPLEMENTATIONS = YES;
				CLANG_WARN_DIRECT_OBJC_ISA_USAGE = YES_ERROR;
				CLANG_WARN_DOCUMENTATION_COMMENTS = YES;
				CLANG_WARN_EMPTY_BODY = YES;
				CLANG_WARN_ENUM_CONVERSION = YES;
				CLANG_WARN_INFINITE_RECURSION = YES;
				CLANG_WARN_INT_CONVERSION = YES;
				CLANG_WARN_NON_LITERAL_NULL_CONVERSION = YES;
				CLANG_WARN_OBJC_IMPLICIT_RETAIN_SELF = YES;
				CLANG_WARN_OBJC_LITERAL_CONVERSION = YES;
				CLANG_WARN_OBJC_ROOT_CLASS = YES_ERROR;
				CLANG_WARN_QUOTED_INCLUDE_IN_FRAMEWORK_HEADER = YES;
				CLANG_WARN_RANGE_LOOP_ANALYSIS = YES;
				CLANG_WARN_STRICT_PROTOTYPES = YES;
				CLANG_WARN_SUSPICIOUS_MOVE = YES;
				CLANG_WARN_UNGUARDED_AVAILABILITY = YES_AGGRESSIVE;
				CLANG_WARN_UNREACHABLE_CODE = YES;
				CLANG_WARN__DUPLICATE_METHOD_MATCH = YES;
				COPY_PHASE_STRIP = NO;
				DEBUG_INFORMATION_FORMAT = dwarf;
				ENABLE_STRICT_OBJC_MSGSEND = YES;
				ENABLE_TESTABILITY = YES;
				GCC_C_LANGUAGE_STANDARD = gnu11;
				GCC_DYNAMIC_NO_PIC = NO;
				GCC_NO_COMMON_BLOCKS = YES;
				GCC_OPTIMIZATION_LEVEL = 0;
				GCC_PREPROCESSOR_DEFINITIONS = (
					"DEBUG=1",
					"$(inherited)",
				);
				GCC_WARN_64_TO_32_BIT_CONVERSION = YES;
				GCC_WARN_ABOUT_RETURN_TYPE = YES_ERROR;
				GCC_WARN_UNDECLARED_SELECTOR = YES;
				GCC_WARN_UNINITIALIZED_AUTOS = YES_AGGRESSIVE;
				GCC_WARN_UNUSED_FUNCTION = YES;
				GCC_WARN_UNUSED_VARIABLE = YES;
				IPHONEOS_DEPLOYMENT_TARGET = 15.5;
				MTL_ENABLE_DEBUG_INFO = INCLUDE_SOURCE;
				MTL_FAST_MATH = YES;
				ONLY_ACTIVE_ARCH = YES;
				SDKROOT = iphoneos;
				SWIFT_ACTIVE_COMPILATION_CONDITIONS = DEBUG;
				SWIFT_OPTIMIZATION_LEVEL = "-Onone";
			};
			name = Debug;
		};
		D7CDFA172C12AA3700CEB078 /* Release */ = {
			isa = XCBuildConfiguration;
			buildSettings = {
				ALWAYS_SEARCH_USER_PATHS = NO;
				CLANG_ANALYZER_NONNULL = YES;
				CLANG_ANALYZER_NUMBER_OBJECT_CONVERSION = YES_AGGRESSIVE;
				CLANG_CXX_LANGUAGE_STANDARD = "gnu++17";
				CLANG_ENABLE_MODULES = YES;
				CLANG_ENABLE_OBJC_ARC = YES;
				CLANG_ENABLE_OBJC_WEAK = YES;
				CLANG_WARN_BLOCK_CAPTURE_AUTORELEASING = YES;
				CLANG_WARN_BOOL_CONVERSION = YES;
				CLANG_WARN_COMMA = YES;
				CLANG_WARN_CONSTANT_CONVERSION = YES;
				CLANG_WARN_DEPRECATED_OBJC_IMPLEMENTATIONS = YES;
				CLANG_WARN_DIRECT_OBJC_ISA_USAGE = YES_ERROR;
				CLANG_WARN_DOCUMENTATION_COMMENTS = YES;
				CLANG_WARN_EMPTY_BODY = YES;
				CLANG_WARN_ENUM_CONVERSION = YES;
				CLANG_WARN_INFINITE_RECURSION = YES;
				CLANG_WARN_INT_CONVERSION = YES;
				CLANG_WARN_NON_LITERAL_NULL_CONVERSION = YES;
				CLANG_WARN_OBJC_IMPLICIT_RETAIN_SELF = YES;
				CLANG_WARN_OBJC_LITERAL_CONVERSION = YES;
				CLANG_WARN_OBJC_ROOT_CLASS = YES_ERROR;
				CLANG_WARN_QUOTED_INCLUDE_IN_FRAMEWORK_HEADER = YES;
				CLANG_WARN_RANGE_LOOP_ANALYSIS = YES;
				CLANG_WARN_STRICT_PROTOTYPES = YES;
				CLANG_WARN_SUSPICIOUS_MOVE = YES;
				CLANG_WARN_UNGUARDED_AVAILABILITY = YES_AGGRESSIVE;
				CLANG_WARN_UNREACHABLE_CODE = YES;
				CLANG_WARN__DUPLICATE_METHOD_MATCH = YES;
				COPY_PHASE_STRIP = NO;
				DEBUG_INFORMATION_FORMAT = "dwarf-with-dsym";
				ENABLE_NS_ASSERTIONS = NO;
				ENABLE_STRICT_OBJC_MSGSEND = YES;
				GCC_C_LANGUAGE_STANDARD = gnu11;
				GCC_NO_COMMON_BLOCKS = YES;
				GCC_WARN_64_TO_32_BIT_CONVERSION = YES;
				GCC_WARN_ABOUT_RETURN_TYPE = YES_ERROR;
				GCC_WARN_UNDECLARED_SELECTOR = YES;
				GCC_WARN_UNINITIALIZED_AUTOS = YES_AGGRESSIVE;
				GCC_WARN_UNUSED_FUNCTION = YES;
				GCC_WARN_UNUSED_VARIABLE = YES;
				IPHONEOS_DEPLOYMENT_TARGET = 15.5;
				MTL_ENABLE_DEBUG_INFO = NO;
				MTL_FAST_MATH = YES;
				SDKROOT = iphoneos;
				SWIFT_COMPILATION_MODE = wholemodule;
				SWIFT_OPTIMIZATION_LEVEL = "-O";
				VALIDATE_PRODUCT = YES;
			};
			name = Release;
		};
		D7CDFA192C12AA3700CEB078 /* Debug */ = {
			isa = XCBuildConfiguration;
			buildSettings = {
				ASSETCATALOG_COMPILER_APPICON_NAME = AppIcon;
				ASSETCATALOG_COMPILER_GLOBAL_ACCENT_COLOR_NAME = AccentColor;
				CODE_SIGN_STYLE = Automatic;
				CURRENT_PROJECT_VERSION = 1;
				DEVELOPMENT_ASSET_PATHS = "\"studentPortal_ios/Preview Content\"";
				ENABLE_PREVIEWS = YES;
				GENERATE_INFOPLIST_FILE = YES;
				INFOPLIST_KEY_UIApplicationSceneManifest_Generation = YES;
				INFOPLIST_KEY_UIApplicationSupportsIndirectInputEvents = YES;
				INFOPLIST_KEY_UILaunchScreen_Generation = YES;
				INFOPLIST_KEY_UISupportedInterfaceOrientations_iPad = "UIInterfaceOrientationPortrait UIInterfaceOrientationPortraitUpsideDown UIInterfaceOrientationLandscapeLeft UIInterfaceOrientationLandscapeRight";
				INFOPLIST_KEY_UISupportedInterfaceOrientations_iPhone = "UIInterfaceOrientationPortrait UIInterfaceOrientationLandscapeLeft UIInterfaceOrientationLandscapeRight";
				LD_RUNPATH_SEARCH_PATHS = (
					"$(inherited)",
					"@executable_path/Frameworks",
				);
				MARKETING_VERSION = 1.0;
				PRODUCT_BUNDLE_IDENTIFIER = "io.github.chengkuanz.studentPortal-ios";
				PRODUCT_NAME = "$(TARGET_NAME)";
				SWIFT_EMIT_LOC_STRINGS = YES;
				SWIFT_VERSION = 5.0;
				TARGETED_DEVICE_FAMILY = "1,2";
			};
			name = Debug;
		};
		D7CDFA1A2C12AA3700CEB078 /* Release */ = {
			isa = XCBuildConfiguration;
			buildSettings = {
				ASSETCATALOG_COMPILER_APPICON_NAME = AppIcon;
				ASSETCATALOG_COMPILER_GLOBAL_ACCENT_COLOR_NAME = AccentColor;
				CODE_SIGN_STYLE = Automatic;
				CURRENT_PROJECT_VERSION = 1;
				DEVELOPMENT_ASSET_PATHS = "\"studentPortal_ios/Preview Content\"";
				ENABLE_PREVIEWS = YES;
				GENERATE_INFOPLIST_FILE = YES;
				INFOPLIST_KEY_UIApplicationSceneManifest_Generation = YES;
				INFOPLIST_KEY_UIApplicationSupportsIndirectInputEvents = YES;
				INFOPLIST_KEY_UILaunchScreen_Generation = YES;
				INFOPLIST_KEY_UISupportedInterfaceOrientations_iPad = "UIInterfaceOrientationPortrait UIInterfaceOrientationPortraitUpsideDown UIInterfaceOrientationLandscapeLeft UIInterfaceOrientationLandscapeRight";
				INFOPLIST_KEY_UISupportedInterfaceOrientations_iPhone = "UIInterfaceOrientationPortrait UIInterfaceOrientationLandscapeLeft UIInterfaceOrientationLandscapeRight";
				LD_RUNPATH_SEARCH_PATHS = (
					"$(inherited)",
					"@executable_path/Frameworks",
				);
				MARKETING_VERSION = 1.0;
				PRODUCT_BUNDLE_IDENTIFIER = "io.github.chengkuanz.studentPortal-ios";
				PRODUCT_NAME = "$(TARGET_NAME)";
				SWIFT_EMIT_LOC_STRINGS = YES;
				SWIFT_VERSION = 5.0;
				TARGETED_DEVICE_FAMILY = "1,2";
			};
			name = Release;
		};
/* End XCBuildConfiguration section */

/* Begin XCConfigurationList section */
		D7CDFA052C12AA3500CEB078 /* Build configuration list for PBXProject "studentPortal_ios" */ = {
			isa = XCConfigurationList;
			buildConfigurations = (
				D7CDFA162C12AA3700CEB078 /* Debug */,
				D7CDFA172C12AA3700CEB078 /* Release */,
			);
			defaultConfigurationIsVisible = 0;
			defaultConfigurationName = Release;
		};
		D7CDFA182C12AA3700CEB078 /* Build configuration list for PBXNativeTarget "studentPortal_ios" */ = {
			isa = XCConfigurationList;
			buildConfigurations = (
				D7CDFA192C12AA3700CEB078 /* Debug */,
				D7CDFA1A2C12AA3700CEB078 /* Release */,
			);
			defaultConfigurationIsVisible = 0;
			defaultConfigurationName = Release;
		};
/* End XCConfigurationList section */
	};
	rootObject = D7CDFA022C12AA3500CEB078 /* Project object */;
}
